
Microsoft Visual Studio Solution File, Format Version 12.00
# Visual Studio 15
VisualStudioVersion = 15.0.27428.1
MinimumVisualStudioVersion = 10.0.40219.1
Project("{FAE04EC0-301F-11D3-BF4B-00C04F79EFBC}") = "Users", "Users\Users.csproj", "{344B283D-A8CC-47A6-8245-D701D8DD753D}"
EndProject
Global
	GlobalSection(SolutionConfigurationPlatforms) = preSolution
		Debug|Any CPU = Debug|Any CPU
		Release|Any CPU = Release|Any CPU
	EndGlobalSection
	GlobalSection(ProjectConfigurationPlatforms) = postSolution
		{344B283D-A8CC-47A6-8245-D701D8DD753D}.Debug|Any CPU.ActiveCfg = Debug|Any CPU
		{344B283D-A8CC-47A6-8245-D701D8DD753D}.Debug|Any CPU.Build.0 = Debug|Any CPU
		{344B283D-A8CC-47A6-8245-D701D8DD753D}.Release|Any CPU.ActiveCfg = Release|Any CPU
		{344B283D-A8CC-47A6-8245-D701D8DD753D}.Release|Any CPU.Build.0 = Release|Any CPU
	EndGlobalSection
	GlobalSection(SolutionProperties) = preSolution
		HideSolutionNode = FALSE
	EndGlobalSection
	GlobalSection(ExtensibilityGlobals) = postSolution
		SolutionGuid = {BC64F03E-FE4A-41EB-9E38-14B69155D375}
	EndGlobalSection
EndGlobal
